{
  "requires": true,
  "lockfileVersion": 1,
  "dependencies": {
    "set-cookie-parser": {
      "version": "2.4.1",
      "resolved": "https://registry.npmjs.org/set-cookie-parser/-/set-cookie-parser-2.4.1.tgz",
      "integrity": "sha512-bUcyZhIOLvjvdO7UT5MyNd6AAci4ssZy/8Da1etJVI/2n3vgpxfJ/ntYA0bN+8qg9HZB7xR9/g+fcDbGkk/gQg=="
    },
    "weapp-cookie": {
      "version": "1.4.5",
      "resolved": "https://registry.npmjs.org/weapp-cookie/-/weapp-cookie-1.4.5.tgz",
      "integrity": "sha512-NdnGH/uaTn73z+tfSgfNkGPnJv0KpZIrKcF9OK5J1ptfbj6tR1fhWm2cICcwS1eujRRVJ4M8F2IPRUeQGk0v0A==",
      "requires": {
        "set-cookie-parser": "^2.3.8"
      }
    }
  }
}
